
Microsoft Visual Studio Solution File, Format Version 11.00
# Visual Studio 2010
Project("{8BC9CEB8-8B4A-11D0-8D11-00A0C91BC942}") = "ky", "ky\ky.vcxproj", "{790DBFE5-21A9-4BC5-956E-1BBDE9D22DA7}"
EndProject
Global
	GlobalSection(SolutionConfigurationPlatforms) = preSolution
		Debug|Win32 = Debug|Win32
		Release|Win32 = Release|Win32
	EndGlobalSection
	GlobalSection(ProjectConfigurationPlatforms) = postSolution
		{790DBFE5-21A9-4BC5-956E-1BBDE9D22DA7}.Debug|Win32.ActiveCfg = Debug|Win32
		{790DBFE5-21A9-4BC5-956E-1BBDE9D22DA7}.Debug|Win32.Build.0 = Debug|Win32
		{790DBFE5-21A9-4BC5-956E-1BBDE9D22DA7}.Release|Win32.ActiveCfg = Release|Win32
		{790DBFE5-21A9-4BC5-956E-1BBDE9D22DA7}.Release|Win32.Build.0 = Release|Win32
	EndGlobalSection
	GlobalSection(SolutionProperties) = preSolution
		HideSolutionNode = FALSE
	EndGlobalSection
EndGlobal
